
Microsoft Visual Studio Solution File, Format Version 11.00
# Visual Studio 2010
Project("{FAE04EC0-301F-11D3-BF4B-00C04F79EFBC}") = "TWCWindowsPhonePivot", "TWCWindowsPhonePivot\TWCWindowsPhonePivot.csproj", "{AD61A551-CCB1-42C6-9D38-ED9B12502F4B}"
EndProject
Project("{FAE04EC0-301F-11D3-BF4B-00C04F79EFBC}") = "SharpZipLib.WindowsPhone7", "SharpZipLib.Silverlight\SharpZipLib.WindowsPhone7.csproj", "{7B257BE0-BAA4-4877-800C-05DDDAFB6443}"
EndProject
Global
	GlobalSection(SolutionConfigurationPlatforms) = preSolution
		Debug|Any CPU = Debug|Any CPU
		Release|Any CPU = Release|Any CPU
	EndGlobalSection
	GlobalSection(ProjectConfigurationPlatforms) = postSolution
		{AD61A551-CCB1-42C6-9D38-ED9B12502F4B}.Debug|Any CPU.ActiveCfg = Debug|Any CPU
		{AD61A551-CCB1-42C6-9D38-ED9B12502F4B}.Debug|Any CPU.Build.0 = Debug|Any CPU
		{AD61A551-CCB1-42C6-9D38-ED9B12502F4B}.Debug|Any CPU.Deploy.0 = Debug|Any CPU
		{AD61A551-CCB1-42C6-9D38-ED9B12502F4B}.Release|Any CPU.ActiveCfg = Release|Any CPU
		{AD61A551-CCB1-42C6-9D38-ED9B12502F4B}.Release|Any CPU.Build.0 = Release|Any CPU
		{AD61A551-CCB1-42C6-9D38-ED9B12502F4B}.Release|Any CPU.Deploy.0 = Release|Any CPU
		{7B257BE0-BAA4-4877-800C-05DDDAFB6443}.Debug|Any CPU.ActiveCfg = Debug|Any CPU
		{7B257BE0-BAA4-4877-800C-05DDDAFB6443}.Debug|Any CPU.Build.0 = Debug|Any CPU
		{7B257BE0-BAA4-4877-800C-05DDDAFB6443}.Release|Any CPU.ActiveCfg = Release|Any CPU
		{7B257BE0-BAA4-4877-800C-05DDDAFB6443}.Release|Any CPU.Build.0 = Release|Any CPU
	EndGlobalSection
	GlobalSection(SolutionProperties) = preSolution
		HideSolutionNode = FALSE
	EndGlobalSection
EndGlobal
